
Microsoft Visual Studio Solution File, Format Version 12.00
# Visual Studio Version 17
VisualStudioVersion = 17.11.35327.3
MinimumVisualStudioVersion = 10.0.40219.1
Project("{FAE04EC0-301F-11D3-BF4B-00C04F79EFBC}") = "ConsoleApp23", "ConsoleApp23\ConsoleApp23.csproj", "{B42F18B2-A92A-4A07-8707-18909DD737D1}"
EndProject
Global
	GlobalSection(SolutionConfigurationPlatforms) = preSolution
		Debug|Any CPU = Debug|Any CPU
		Release|Any CPU = Release|Any CPU
	EndGlobalSection
	GlobalSection(ProjectConfigurationPlatforms) = postSolution
		{B42F18B2-A92A-4A07-8707-18909DD737D1}.Debug|Any CPU.ActiveCfg = Debug|Any CPU
		{B42F18B2-A92A-4A07-8707-18909DD737D1}.Debug|Any CPU.Build.0 = Debug|Any CPU
		{B42F18B2-A92A-4A07-8707-18909DD737D1}.Release|Any CPU.ActiveCfg = Release|Any CPU
		{B42F18B2-A92A-4A07-8707-18909DD737D1}.Release|Any CPU.Build.0 = Release|Any CPU
	EndGlobalSection
	GlobalSection(SolutionProperties) = preSolution
		HideSolutionNode = FALSE
	EndGlobalSection
	GlobalSection(ExtensibilityGlobals) = postSolution
		SolutionGuid = {283E7858-8635-411B-9E5A-083A7718C44D}
	EndGlobalSection
EndGlobal
